
Microsoft Visual Studio Solution File, Format Version 12.00
# Visual Studio Version 16
VisualStudioVersion = 16.0.32106.194
MinimumVisualStudioVersion = 10.0.40219.1
Project("{9A19103F-16F7-4668-BE54-9A1E7A4F7556}") = "Ecommerce.Api", "Ecommerce.Api\Ecommerce.Api.csproj", "{D52D5011-A5D4-4336-896A-AC3A114CD1B1}"
EndProject
Project("{FAE04EC0-301F-11D3-BF4B-00C04F79EFBC}") = "Ecommerce.Data", "Ecommerce.Data\Ecommerce.Data.csproj", "{C66B5004-D912-45A7-BFD8-6FE5E332CD16}"
EndProject
Project("{FAE04EC0-301F-11D3-BF4B-00C04F79EFBC}") = "Ecommerce.Bussines", "Ecommerce.Bussines\Ecommerce.Bussines.csproj", "{AF9F10B2-7D18-4ED9-BDFC-FB046F86F2A1}"
EndProject
Global
	GlobalSection(SolutionConfigurationPlatforms) = preSolution
		Debug|Any CPU = Debug|Any CPU
		Release|Any CPU = Release|Any CPU
	EndGlobalSection
	GlobalSection(ProjectConfigurationPlatforms) = postSolution
		{D52D5011-A5D4-4336-896A-AC3A114CD1B1}.Debug|Any CPU.ActiveCfg = Debug|Any CPU
		{D52D5011-A5D4-4336-896A-AC3A114CD1B1}.Debug|Any CPU.Build.0 = Debug|Any CPU
		{D52D5011-A5D4-4336-896A-AC3A114CD1B1}.Release|Any CPU.ActiveCfg = Release|Any CPU
		{D52D5011-A5D4-4336-896A-AC3A114CD1B1}.Release|Any CPU.Build.0 = Release|Any CPU
		{C66B5004-D912-45A7-BFD8-6FE5E332CD16}.Debug|Any CPU.ActiveCfg = Debug|Any CPU
		{C66B5004-D912-45A7-BFD8-6FE5E332CD16}.Debug|Any CPU.Build.0 = Debug|Any CPU
		{C66B5004-D912-45A7-BFD8-6FE5E332CD16}.Release|Any CPU.ActiveCfg = Release|Any CPU
		{C66B5004-D912-45A7-BFD8-6FE5E332CD16}.Release|Any CPU.Build.0 = Release|Any CPU
		{AF9F10B2-7D18-4ED9-BDFC-FB046F86F2A1}.Debug|Any CPU.ActiveCfg = Debug|Any CPU
		{AF9F10B2-7D18-4ED9-BDFC-FB046F86F2A1}.Debug|Any CPU.Build.0 = Debug|Any CPU
		{AF9F10B2-7D18-4ED9-BDFC-FB046F86F2A1}.Release|Any CPU.ActiveCfg = Release|Any CPU
		{AF9F10B2-7D18-4ED9-BDFC-FB046F86F2A1}.Release|Any CPU.Build.0 = Release|Any CPU
	EndGlobalSection
	GlobalSection(SolutionProperties) = preSolution
		HideSolutionNode = FALSE
	EndGlobalSection
	GlobalSection(ExtensibilityGlobals) = postSolution
		SolutionGuid = {FEE23F09-C98D-44D6-90F7-52770987459A}
	EndGlobalSection
EndGlobal
